
Microsoft Visual Studio Solution File, Format Version 12.00
# Visual Studio Version 16
VisualStudioVersion = 16.0.809.1
MinimumVisualStudioVersion = 10.0.40219.1
Project("{FAE04EC0-301F-11D3-BF4B-00C04F79EFBC}") = "VideoStore", "VideoStore\VideoStore.csproj", "{B4F52A63-A4A6-4388-94F7-35AC1F92BF51}"
EndProject
Project("{FAE04EC0-301F-11D3-BF4B-00C04F79EFBC}") = "VideoStore.Test", "VideoStore.Test\VideoStore.Test.csproj", "{86E927B5-D3F6-46DC-8354-2155E89FE1CC}"
EndProject
Global
	GlobalSection(SolutionConfigurationPlatforms) = preSolution
		Debug|Any CPU = Debug|Any CPU
		Release|Any CPU = Release|Any CPU
	EndGlobalSection
	GlobalSection(ProjectConfigurationPlatforms) = postSolution
		{B4F52A63-A4A6-4388-94F7-35AC1F92BF51}.Debug|Any CPU.ActiveCfg = Debug|Any CPU
		{B4F52A63-A4A6-4388-94F7-35AC1F92BF51}.Debug|Any CPU.Build.0 = Debug|Any CPU
		{B4F52A63-A4A6-4388-94F7-35AC1F92BF51}.Release|Any CPU.ActiveCfg = Release|Any CPU
		{B4F52A63-A4A6-4388-94F7-35AC1F92BF51}.Release|Any CPU.Build.0 = Release|Any CPU
		{86E927B5-D3F6-46DC-8354-2155E89FE1CC}.Debug|Any CPU.ActiveCfg = Debug|Any CPU
		{86E927B5-D3F6-46DC-8354-2155E89FE1CC}.Debug|Any CPU.Build.0 = Debug|Any CPU
		{86E927B5-D3F6-46DC-8354-2155E89FE1CC}.Release|Any CPU.ActiveCfg = Release|Any CPU
		{86E927B5-D3F6-46DC-8354-2155E89FE1CC}.Release|Any CPU.Build.0 = Release|Any CPU
	EndGlobalSection
	GlobalSection(SolutionProperties) = preSolution
		HideSolutionNode = FALSE
	EndGlobalSection
	GlobalSection(ExtensibilityGlobals) = postSolution
		SolutionGuid = {187FE20D-B34C-4FD3-8AE4-33A8318B9D4C}
	EndGlobalSection
EndGlobal
